
Microsoft Visual Studio Solution File, Format Version 12.00
# Visual Studio 2013
VisualStudioVersion = 12.0.30110.0
MinimumVisualStudioVersion = 10.0.40219.1
Project("{FAE04EC0-301F-11D3-BF4B-00C04F79EFBC}") = "5.CSS-LESS-HW", "5.CSS-LESS-HW\5.CSS-LESS-HW.csproj", "{C43DE09D-B20D-4045-AFE7-288BC4401E9C}"
EndProject
Global
	GlobalSection(SolutionConfigurationPlatforms) = preSolution
		Debug|Any CPU = Debug|Any CPU
		Release|Any CPU = Release|Any CPU
	EndGlobalSection
	GlobalSection(ProjectConfigurationPlatforms) = postSolution
		{C43DE09D-B20D-4045-AFE7-288BC4401E9C}.Debug|Any CPU.ActiveCfg = Debug|Any CPU
		{C43DE09D-B20D-4045-AFE7-288BC4401E9C}.Debug|Any CPU.Build.0 = Debug|Any CPU
		{C43DE09D-B20D-4045-AFE7-288BC4401E9C}.Release|Any CPU.ActiveCfg = Release|Any CPU
		{C43DE09D-B20D-4045-AFE7-288BC4401E9C}.Release|Any CPU.Build.0 = Release|Any CPU
	EndGlobalSection
	GlobalSection(SolutionProperties) = preSolution
		HideSolutionNode = FALSE
	EndGlobalSection
EndGlobal
